// !$*UTF8*$!
{
	archiveVersion = 1;
	classes = {
	};
	objectVersion = 46;
	objects = {

/* Begin PBXBuildFile section */
		EAEA05F31C9AD74B00BEDCAB /* main.m in Sources */ = {isa = PBXBuildFile; fileRef = EAEA05F21C9AD74B00BEDCAB /* main.m */; };
		EAEA05F61C9AD74B00BEDCAB /* AppDelegate.m in Sources */ = {isa = PBXBuildFile; fileRef = EAEA05F51C9AD74B00BEDCAB /* AppDelegate.m */; };
		EAEA05F91C9AD74B00BEDCAB /* ViewController.m in Sources */ = {isa = PBXBuildFile; fileRef = EAEA05F81C9AD74B00BEDCAB /* ViewController.m */; };
		EAEA05FC1C9AD74B00BEDCAB /* Main.storyboard in Resources */ = {isa = PBXBuildFile; fileRef = EAEA05FA1C9AD74B00BEDCAB /* Main.storyboard */; };
		EAEA05FE1C9AD74B00BEDCAB /* Assets.xcassets in Resources */ = {isa = PBXBuildFile; fileRef = EAEA05FD1C9AD74B00BEDCAB /* Assets.xcassets */; };
		EAEA06011C9AD74B00BEDCAB /* LaunchScreen.storyboard in Resources */ = {isa = PBXBuildFile; fileRef = EAEA05FF1C9AD74B00BEDCAB /* LaunchScreen.storyboard */; };
		EAEA060A1C9AD76400BEDCAB /* UIView+MaterialDesign.m in Sources */ = {isa = PBXBuildFile; fileRef = EAEA06091C9AD76400BEDCAB /* UIView+MaterialDesign.m */; };
		EAEA060D1C9AD82A00BEDCAB /* AnimatedMenuButton.m in Sources */ = {isa = PBXBuildFile; fileRef = EAEA060C1C9AD82A00BEDCAB /* AnimatedMenuButton.m */; };
/* End PBXBuildFile section */

/* Begin PBXFileReference section */
		EAEA05EE1C9AD74B00BEDCAB /* GMenuButton.app */ = {isa = PBXFileReference; explicitFileType = wrapper.application; includeInIndex = 0; path = GMenuButton.app; sourceTree = BUILT_PRODUCTS_DIR; };
		EAEA05F21C9AD74B00BEDCAB /* main.m */ = {isa = PBXFileReference; lastKnownFileType = sourcecode.c.objc; path = main.m; sourceTree = "<group>"; };
		EAEA05F41C9AD74B00BEDCAB /* AppDelegate.h */ = {isa = PBXFileReference; lastKnownFileType = sourcecode.c.h; path = AppDelegate.h; sourceTree = "<group>"; };
		EAEA05F51C9AD74B00BEDCAB /* AppDelegate.m */ = {isa = PBXFileReference; lastKnownFileType = sourcecode.c.objc; path = AppDelegate.m; sourceTree = "<group>"; };
		EAEA05F71C9AD74B00BEDCAB /* ViewController.h */ = {isa = PBXFileReference; lastKnownFileType = sourcecode.c.h; path = ViewController.h; sourceTree = "<group>"; };
		EAEA05F81C9AD74B00BEDCAB /* ViewController.m */ = {isa = PBXFileReference; lastKnownFileType = sourcecode.c.objc; path = ViewController.m; sourceTree = "<group>"; };
		EAEA05FB1C9AD74B00BEDCAB /* Base */ = {isa = PBXFileReference; lastKnownFileType = file.storyboard; name = Base; path = Base.lproj/Main.storyboard; sourceTree = "<group>"; };
		EAEA05FD1C9AD74B00BEDCAB /* Assets.xcassets */ = {isa = PBXFileReference; lastKnownFileType = folder.assetcatalog; path = Assets.xcassets; sourceTree = "<group>"; };
		EAEA06001C9AD74B00BEDCAB /* Base */ = {isa = PBXFileReference; lastKnownFileType = file.storyboard; name = Base; path = Base.lproj/LaunchScreen.storyboard; sourceTree = "<group>"; };
		EAEA06021C9AD74B00BEDCAB /* Info.plist */ = {isa = PBXFileReference; lastKnownFileType = text.plist.xml; path = Info.plist; sourceTree = "<group>"; };
		EAEA06081C9AD76400BEDCAB /* UIView+MaterialDesign.h */ = {isa = PBXFileReference; fileEncoding = 4; lastKnownFileType = sourcecode.c.h; path = "UIView+MaterialDesign.h"; sourceTree = "<group>"; };
		EAEA06091C9AD76400BEDCAB /* UIView+MaterialDesign.m */ = {isa = PBXFileReference; fileEncoding = 4; lastKnownFileType = sourcecode.c.objc; path = "UIView+MaterialDesign.m"; sourceTree = "<group>"; };
		EAEA060B1C9AD82A00BEDCAB /* AnimatedMenuButton.h */ = {isa = PBXFileReference; fileEncoding = 4; lastKnownFileType = sourcecode.c.h; path = AnimatedMenuButton.h; sourceTree = "<group>"; };
		EAEA060C1C9AD82A00BEDCAB /* AnimatedMenuButton.m */ = {isa = PBXFileReference; fileEncoding = 4; lastKnownFileType = sourcecode.c.objc; path = AnimatedMenuButton.m; sourceTree = "<group>"; };
/* End PBXFileReference section */

/* Begin PBXFrameworksBuildPhase section */
		EAEA05EB1C9AD74B00BEDCAB /* Frameworks */ = {
			isa = PBXFrameworksBuildPhase;
			buildActionMask = 2147483647;
			files = (
			);
			runOnlyForDeploymentPostprocessing = 0;
		};
/* End PBXFrameworksBuildPhase section */

/* Begin PBXGroup section */
		EAEA05E51C9AD74B00BEDCAB = {
			isa = PBXGroup;
			children = (
				EAEA05F01C9AD74B00BEDCAB /* GMenuButton */,
				EAEA05EF1C9AD74B00BEDCAB /* Products */,
			);
			sourceTree = "<group>";
		};
		EAEA05EF1C9AD74B00BEDCAB /* Products */ = {
			isa = PBXGroup;
			children = (
				EAEA05EE1C9AD74B00BEDCAB /* GMenuButton.app */,
			);
			name = Products;
			sourceTree = "<group>";
		};
		EAEA05F01C9AD74B00BEDCAB /* GMenuButton */ = {
			isa = PBXGroup;
			children = (
				EAEA060B1C9AD82A00BEDCAB /* AnimatedMenuButton.h */,
				EAEA060C1C9AD82A00BEDCAB /* AnimatedMenuButton.m */,
				EAEA06081C9AD76400BEDCAB /* UIView+MaterialDesign.h */,
				EAEA06091C9AD76400BEDCAB /* UIView+MaterialDesign.m */,
				EAEA05F41C9AD74B00BEDCAB /* AppDelegate.h */,
				EAEA05F51C9AD74B00BEDCAB /* AppDelegate.m */,
				EAEA05F71C9AD74B00BEDCAB /* ViewController.h */,
				EAEA05F81C9AD74B00BEDCAB /* ViewController.m */,
				EAEA05FA1C9AD74B00BEDCAB /* Main.storyboard */,
				EAEA05FD1C9AD74B00BEDCAB /* Assets.xcassets */,
				EAEA05FF1C9AD74B00BEDCAB /* LaunchScreen.storyboard */,
				EAEA06021C9AD74B00BEDCAB /* Info.plist */,
				EAEA05F11C9AD74B00BEDCAB /* Supporting Files */,
			);
			path = GMenuButton;
			sourceTree = "<group>";
		};
		EAEA05F11C9AD74B00BEDCAB /* Supporting Files */ = {
			isa = PBXGroup;
			children = (
				EAEA05F21C9AD74B00BEDCAB /* main.m */,
			);
			name = "Supporting Files";
			sourceTree = "<group>";
		};
/* End PBXGroup section */

/* Begin PBXNativeTarget section */
		EAEA05ED1C9AD74B00BEDCAB /* GMenuButton */ = {
			isa = PBXNativeTarget;
			buildConfigurationList = EAEA06051C9AD74B00BEDCAB /* Build configuration list for PBXNativeTarget "GMenuButton" */;
			buildPhases = (
				EAEA05EA1C9AD74B00BEDCAB /* Sources */,
				EAEA05EB1C9AD74B00BEDCAB /* Frameworks */,
				EAEA05EC1C9AD74B00BEDCAB /* Resources */,
			);
			buildRules = (
			);
			dependencies = (
			);
			name = GMenuButton;
			productName = GMenuButton;
			productReference = EAEA05EE1C9AD74B00BEDCAB /* GMenuButton.app */;
			productType = "com.apple.product-type.application";
		};
/* End PBXNativeTarget section */

/* Begin PBXProject section */
		EAEA05E61C9AD74B00BEDCAB /* Project object */ = {
			isa = PBXProject;
			attributes = {
				LastUpgradeCheck = 0720;
				ORGANIZATIONNAME = "Nikhil Gohil";
				TargetAttributes = {
					EAEA05ED1C9AD74B00BEDCAB = {
						CreatedOnToolsVersion = 7.2;
					};
				};
			};
			buildConfigurationList = EAEA05E91C9AD74B00BEDCAB /* Build configuration list for PBXProject "GMenuButton" */;
			compatibilityVersion = "Xcode 3.2";
			developmentRegion = English;
			hasScannedForEncodings = 0;
			knownRegions = (
				en,
				Base,
			);
			mainGroup = EAEA05E51C9AD74B00BEDCAB;
			productRefGroup = EAEA05EF1C9AD74B00BEDCAB /* Products */;
			projectDirPath = "";
			projectRoot = "";
			targets = (
				EAEA05ED1C9AD74B00BEDCAB /* GMenuButton */,
			);
		};
/* End PBXProject section */

/* Begin PBXResourcesBuildPhase section */
		EAEA05EC1C9AD74B00BEDCAB /* Resources */ = {
			isa = PBXResourcesBuildPhase;
			buildActionMask = 2147483647;
			files = (
				EAEA06011C9AD74B00BEDCAB /* LaunchScreen.storyboard in Resources */,
				EAEA05FE1C9AD74B00BEDCAB /* Assets.xcassets in Resources */,
				EAEA05FC1C9AD74B00BEDCAB /* Main.storyboard in Resources */,
			);
			runOnlyForDeploymentPostprocessing = 0;
		};
/* End PBXResourcesBuildPhase section */

/* Begin PBXSourcesBuildPhase section */
		EAEA05EA1C9AD74B00BEDCAB /* Sources */ = {
			isa = PBXSourcesBuildPhase;
			buildActionMask = 2147483647;
			files = (
				EAEA060D1C9AD82A00BEDCAB /* AnimatedMenuButton.m in Sources */,
				EAEA05F91C9AD74B00BEDCAB /* ViewController.m in Sources */,
				EAEA05F61C9AD74B00BEDCAB /* AppDelegate.m in Sources */,
				EAEA05F31C9AD74B00BEDCAB /* main.m in Sources */,
				EAEA060A1C9AD76400BEDCAB /* UIView+MaterialDesign.m in Sources */,
			);
			runOnlyForDeploymentPostprocessing = 0;
		};
/* End PBXSourcesBuildPhase section */

/* Begin PBXVariantGroup section */
		EAEA05FA1C9AD74B00BEDCAB /* Main.storyboard */ = {
			isa = PBXVariantGroup;
			children = (
				EAEA05FB1C9AD74B00BEDCAB /* Base */,
			);
			name = Main.storyboard;
			sourceTree = "<group>";
		};
		EAEA05FF1C9AD74B00BEDCAB /* LaunchScreen.storyboard */ = {
			isa = PBXVariantGroup;
			children = (
				EAEA06001C9AD74B00BEDCAB /* Base */,
			);
			name = LaunchScreen.storyboard;
			sourceTree = "<group>";
		};
/* End PBXVariantGroup section */

/* Begin XCBuildConfiguration section */
		EAEA06031C9AD74B00BEDCAB /* Debug */ = {
			isa = XCBuildConfiguration;
			buildSettings = {
				ALWAYS_SEARCH_USER_PATHS = NO;
				CLANG_CXX_LANGUAGE_STANDARD = "gnu++0x";
				CLANG_CXX_LIBRARY = "libc++";
				CLANG_ENABLE_MODULES = YES;
				CLANG_ENABLE_OBJC_ARC = YES;
				CLANG_WARN_BOOL_CONVERSION = YES;
				CLANG_WARN_CONSTANT_CONVERSION = YES;
				CLANG_WARN_DIRECT_OBJC_ISA_USAGE = YES_ERROR;
				CLANG_WARN_EMPTY_BODY = YES;
				CLANG_WARN_ENUM_CONVERSION = YES;
				CLANG_WARN_INT_CONVERSION = YES;
				CLANG_WARN_OBJC_ROOT_CLASS = YES_ERROR;
				CLANG_WARN_UNREACHABLE_CODE = YES;
				CLANG_WARN__DUPLICATE_METHOD_MATCH = YES;
				"CODE_SIGN_IDENTITY[sdk=iphoneos*]" = "iPhone Developer";
				COPY_PHASE_STRIP = NO;
				DEBUG_INFORMATION_FORMAT = dwarf;
				ENABLE_STRICT_OBJC_MSGSEND = YES;
				ENABLE_TESTABILITY = YES;
				GCC_C_LANGUAGE_STANDARD = gnu99;
				GCC_DYNAMIC_NO_PIC = NO;
				GCC_NO_COMMON_BLOCKS = YES;
				GCC_OPTIMIZATION_LEVEL = 0;
				GCC_PREPROCESSOR_DEFINITIONS = (
					"DEBUG=1",
					"$(inherited)",
				);
				GCC_WARN_64_TO_32_BIT_CONVERSION = YES;
				GCC_WARN_ABOUT_RETURN_TYPE = YES_ERROR;
				GCC_WARN_UNDECLARED_SELECTOR = YES;
				GCC_WARN_UNINITIALIZED_AUTOS = YES_AGGRESSIVE;
				GCC_WARN_UNUSED_FUNCTION = YES;
				GCC_WARN_UNUSED_VARIABLE = YES;
				IPHONEOS_DEPLOYMENT_TARGET = 9.2;
				MTL_ENABLE_DEBUG_INFO = YES;
				ONLY_ACTIVE_ARCH = YES;
				SDKROOT = iphoneos;
			};
			name = Debug;
		};
		EAEA06041C9AD74B00BEDCAB /* Release */ = {
			isa = XCBuildConfiguration;
			buildSettings = {
				ALWAYS_SEARCH_USER_PATHS = NO;
				CLANG_CXX_LANGUAGE_STANDARD = "gnu++0x";
				CLANG_CXX_LIBRARY = "libc++";
				CLANG_ENABLE_MODULES = YES;
				CLANG_ENABLE_OBJC_ARC = YES;
				CLANG_WARN_BOOL_CONVERSION = YES;
				CLANG_WARN_CONSTANT_CONVERSION = YES;
				CLANG_WARN_DIRECT_OBJC_ISA_USAGE = YES_ERROR;
				CLANG_WARN_EMPTY_BODY = YES;
				CLANG_WARN_ENUM_CONVERSION = YES;
				CLANG_WARN_INT_CONVERSION = YES;
				CLANG_WARN_OBJC_ROOT_CLASS = YES_ERROR;
				CLANG_WARN_UNREACHABLE_CODE = YES;
				CLANG_WARN__DUPLICATE_METHOD_MATCH = YES;
				"CODE_SIGN_IDENTITY[sdk=iphoneos*]" = "iPhone Developer";
				COPY_PHASE_STRIP = NO;
				DEBUG_INFORMATION_FORMAT = "dwarf-with-dsym";
				ENABLE_NS_ASSERTIONS = NO;
				ENABLE_STRICT_OBJC_MSGSEND = YES;
				GCC_C_LANGUAGE_STANDARD = gnu99;
				GCC_NO_COMMON_BLOCKS = YES;
				GCC_WARN_64_TO_32_BIT_CONVERSION = YES;
				GCC_WARN_ABOUT_RETURN_TYPE = YES_ERROR;
				GCC_WARN_UNDECLARED_SELECTOR = YES;
				GCC_WARN_UNINITIALIZED_AUTOS = YES_AGGRESSIVE;
				GCC_WARN_UNUSED_FUNCTION = YES;
				GCC_WARN_UNUSED_VARIABLE = YES;
				IPHONEOS_DEPLOYMENT_TARGET = 9.2;
				MTL_ENABLE_DEBUG_INFO = NO;
				SDKROOT = iphoneos;
				VALIDATE_PRODUCT = YES;
			};
			name = Release;
		};
		EAEA06061C9AD74B00BEDCAB /* Debug */ = {
			isa = XCBuildConfiguration;
			buildSettings = {
				ASSETCATALOG_COMPILER_APPICON_NAME = AppIcon;
				INFOPLIST_FILE = GMenuButton/Info.plist;
				LD_RUNPATH_SEARCH_PATHS = "$(inherited) @executable_path/Frameworks";
				PRODUCT_BUNDLE_IDENTIFIER = com.nikhilgohil11.GMenuButton;
				PRODUCT_NAME = "$(TARGET_NAME)";
			};
			name = Debug;
		};
		EAEA06071C9AD74B00BEDCAB /* Release */ = {
			isa = XCBuildConfiguration;
			buildSettings = {
				ASSETCATALOG_COMPILER_APPICON_NAME = AppIcon;
				INFOPLIST_FILE = GMenuButton/Info.plist;
				LD_RUNPATH_SEARCH_PATHS = "$(inherited) @executable_path/Frameworks";
				PRODUCT_BUNDLE_IDENTIFIER = com.nikhilgohil11.GMenuButton;
				PRODUCT_NAME = "$(TARGET_NAME)";
			};
			name = Release;
		};
/* End XCBuildConfiguration section */

/* Begin XCConfigurationList section */
		EAEA05E91C9AD74B00BEDCAB /* Build configuration list for PBXProject "GMenuButton" */ = {
			isa = XCConfigurationList;
			buildConfigurations = (
				EAEA06031C9AD74B00BEDCAB /* Debug */,
				EAEA06041C9AD74B00BEDCAB /* Release */,
			);
			defaultConfigurationIsVisible = 0;
			defaultConfigurationName = Release;
		};
		EAEA06051C9AD74B00BEDCAB /* Build configuration list for PBXNativeTarget "GMenuButton" */ = {
			isa = XCConfigurationList;
			buildConfigurations = (
				EAEA06061C9AD74B00BEDCAB /* Debug */,
				EAEA06071C9AD74B00BEDCAB /* Release */,
			);
			defaultConfigurationIsVisible = 0;
		};
/* End XCConfigurationList section */
	};
	rootObject = EAEA05E61C9AD74B00BEDCAB /* Project object */;
}
